
Microsoft Visual Studio Solution File, Format Version 12.00
# Visual Studio Version 16
VisualStudioVersion = 16.0.30611.23
MinimumVisualStudioVersion = 10.0.40219.1
Project("{9A19103F-16F7-4668-BE54-9A1E7A4F7556}") = "Alice.Backend", "Alice.Backend\Alice.Backend.csproj", "{585811B9-D573-43C2-9BF4-5E40A6365A7B}"
EndProject
Project("{FAE04EC0-301F-11D3-BF4B-00C04F79EFBC}") = "Alice.Backend.Logic", "Alice.Backend.Logic\Alice.Backend.Logic.csproj", "{1603FB60-DD6F-48C2-9910-FABE89DA816C}"
EndProject
Global
	GlobalSection(SolutionConfigurationPlatforms) = preSolution
		Debug|Any CPU = Debug|Any CPU
		Release|Any CPU = Release|Any CPU
	EndGlobalSection
	GlobalSection(ProjectConfigurationPlatforms) = postSolution
		{585811B9-D573-43C2-9BF4-5E40A6365A7B}.Debug|Any CPU.ActiveCfg = Debug|Any CPU
		{585811B9-D573-43C2-9BF4-5E40A6365A7B}.Debug|Any CPU.Build.0 = Debug|Any CPU
		{585811B9-D573-43C2-9BF4-5E40A6365A7B}.Release|Any CPU.ActiveCfg = Release|Any CPU
		{585811B9-D573-43C2-9BF4-5E40A6365A7B}.Release|Any CPU.Build.0 = Release|Any CPU
		{1603FB60-DD6F-48C2-9910-FABE89DA816C}.Debug|Any CPU.ActiveCfg = Debug|Any CPU
		{1603FB60-DD6F-48C2-9910-FABE89DA816C}.Debug|Any CPU.Build.0 = Debug|Any CPU
		{1603FB60-DD6F-48C2-9910-FABE89DA816C}.Release|Any CPU.ActiveCfg = Release|Any CPU
		{1603FB60-DD6F-48C2-9910-FABE89DA816C}.Release|Any CPU.Build.0 = Release|Any CPU
	EndGlobalSection
	GlobalSection(SolutionProperties) = preSolution
		HideSolutionNode = FALSE
	EndGlobalSection
	GlobalSection(ExtensibilityGlobals) = postSolution
		SolutionGuid = {526F9844-EAD0-49AF-AFD9-1592FE56B105}
	EndGlobalSection
EndGlobal
